// !$*UTF8*$!
{
	archiveVersion = 1;
	classes = {
	};
	objectVersion = 46;
	objects = {

/* Begin PBXBuildFile section */
		191B63441D174A6E00ABF850 /* AppDelegate.swift in Sources */ = {isa = PBXBuildFile; fileRef = 191B63431D174A6E00ABF850 /* AppDelegate.swift */; };
		191B63461D174A6E00ABF850 /* ViewController.swift in Sources */ = {isa = PBXBuildFile; fileRef = 191B63451D174A6E00ABF850 /* ViewController.swift */; };
		191B63491D174A6E00ABF850 /* Main.storyboard in Resources */ = {isa = PBXBuildFile; fileRef = 191B63471D174A6E00ABF850 /* Main.storyboard */; };
		191B634B1D174A6E00ABF850 /* Assets.xcassets in Resources */ = {isa = PBXBuildFile; fileRef = 191B634A1D174A6E00ABF850 /* Assets.xcassets */; };
		191B634E1D174A6E00ABF850 /* LaunchScreen.storyboard in Resources */ = {isa = PBXBuildFile; fileRef = 191B634C1D174A6E00ABF850 /* LaunchScreen.storyboard */; };
		1920F9A11D18FC4A00DB661C /* CalculatorModel.swift in Sources */ = {isa = PBXBuildFile; fileRef = 1920F9A01D18FC4A00DB661C /* CalculatorModel.swift */; };
/* End PBXBuildFile section */

/* Begin PBXFileReference section */
		191B63401D174A6E00ABF850 /* BMICalculator.app */ = {isa = PBXFileReference; explicitFileType = wrapper.application; includeInIndex = 0; path = BMICalculator.app; sourceTree = BUILT_PRODUCTS_DIR; };
		191B63431D174A6E00ABF850 /* AppDelegate.swift */ = {isa = PBXFileReference; lastKnownFileType = sourcecode.swift; path = AppDelegate.swift; sourceTree = "<group>"; };
		191B63451D174A6E00ABF850 /* ViewController.swift */ = {isa = PBXFileReference; lastKnownFileType = sourcecode.swift; path = ViewController.swift; sourceTree = "<group>"; };
		191B63481D174A6E00ABF850 /* Base */ = {isa = PBXFileReference; lastKnownFileType = file.storyboard; name = Base; path = Base.lproj/Main.storyboard; sourceTree = "<group>"; };
		191B634A1D174A6E00ABF850 /* Assets.xcassets */ = {isa = PBXFileReference; lastKnownFileType = folder.assetcatalog; path = Assets.xcassets; sourceTree = "<group>"; };
		191B634D1D174A6E00ABF850 /* Base */ = {isa = PBXFileReference; lastKnownFileType = file.storyboard; name = Base; path = Base.lproj/LaunchScreen.storyboard; sourceTree = "<group>"; };
		191B634F1D174A6E00ABF850 /* Info.plist */ = {isa = PBXFileReference; lastKnownFileType = text.plist.xml; path = Info.plist; sourceTree = "<group>"; };
		1920F9A01D18FC4A00DB661C /* CalculatorModel.swift */ = {isa = PBXFileReference; fileEncoding = 4; lastKnownFileType = sourcecode.swift; path = CalculatorModel.swift; sourceTree = "<group>"; };
/* End PBXFileReference section */

/* Begin PBXFrameworksBuildPhase section */
		191B633D1D174A6E00ABF850 /* Frameworks */ = {
			isa = PBXFrameworksBuildPhase;
			buildActionMask = 2147483647;
			files = (
			);
			runOnlyForDeploymentPostprocessing = 0;
		};
/* End PBXFrameworksBuildPhase section */

/* Begin PBXGroup section */
		191B63371D174A6E00ABF850 = {
			isa = PBXGroup;
			children = (
				191B63421D174A6E00ABF850 /* BMICalculator */,
				191B63411D174A6E00ABF850 /* Products */,
			);
			sourceTree = "<group>";
		};
		191B63411D174A6E00ABF850 /* Products */ = {
			isa = PBXGroup;
			children = (
				191B63401D174A6E00ABF850 /* BMICalculator.app */,
			);
			name = Products;
			sourceTree = "<group>";
		};
		191B63421D174A6E00ABF850 /* BMICalculator */ = {
			isa = PBXGroup;
			children = (
				191B63431D174A6E00ABF850 /* AppDelegate.swift */,
				191B63451D174A6E00ABF850 /* ViewController.swift */,
				191B63471D174A6E00ABF850 /* Main.storyboard */,
				191B634A1D174A6E00ABF850 /* Assets.xcassets */,
				191B634C1D174A6E00ABF850 /* LaunchScreen.storyboard */,
				191B634F1D174A6E00ABF850 /* Info.plist */,
				1920F9A01D18FC4A00DB661C /* CalculatorModel.swift */,
			);
			path = BMICalculator;
			sourceTree = "<group>";
		};
/* End PBXGroup section */

/* Begin PBXNativeTarget section */
		191B633F1D174A6E00ABF850 /* BMICalculator */ = {
			isa = PBXNativeTarget;
			buildConfigurationList = 191B63521D174A6E00ABF850 /* Build configuration list for PBXNativeTarget "BMICalculator" */;
			buildPhases = (
				191B633C1D174A6E00ABF850 /* Sources */,
				191B633D1D174A6E00ABF850 /* Frameworks */,
				191B633E1D174A6E00ABF850 /* Resources */,
			);
			buildRules = (
			);
			dependencies = (
			);
			name = BMICalculator;
			productName = BMICalculator;
			productReference = 191B63401D174A6E00ABF850 /* BMICalculator.app */;
			productType = "com.apple.product-type.application";
		};
/* End PBXNativeTarget section */

/* Begin PBXProject section */
		191B63381D174A6E00ABF850 /* Project object */ = {
			isa = PBXProject;
			attributes = {
				LastSwiftUpdateCheck = 0730;
				LastUpgradeCheck = 0730;
				ORGANIZATIONNAME = "Richard Ni";
				TargetAttributes = {
					191B633F1D174A6E00ABF850 = {
						CreatedOnToolsVersion = 7.3.1;
					};
				};
			};
			buildConfigurationList = 191B633B1D174A6E00ABF850 /* Build configuration list for PBXProject "BMICalculator" */;
			compatibilityVersion = "Xcode 3.2";
			developmentRegion = English;
			hasScannedForEncodings = 0;
			knownRegions = (
				en,
				Base,
			);
			mainGroup = 191B63371D174A6E00ABF850;
			productRefGroup = 191B63411D174A6E00ABF850 /* Products */;
			projectDirPath = "";
			projectRoot = "";
			targets = (
				191B633F1D174A6E00ABF850 /* BMICalculator */,
			);
		};
/* End PBXProject section */

/* Begin PBXResourcesBuildPhase section */
		191B633E1D174A6E00ABF850 /* Resources */ = {
			isa = PBXResourcesBuildPhase;
			buildActionMask = 2147483647;
			files = (
				191B634E1D174A6E00ABF850 /* LaunchScreen.storyboard in Resources */,
				191B634B1D174A6E00ABF850 /* Assets.xcassets in Resources */,
				191B63491D174A6E00ABF850 /* Main.storyboard in Resources */,
			);
			runOnlyForDeploymentPostprocessing = 0;
		};
/* End PBXResourcesBuildPhase section */

/* Begin PBXSourcesBuildPhase section */
		191B633C1D174A6E00ABF850 /* Sources */ = {
			isa = PBXSourcesBuildPhase;
			buildActionMask = 2147483647;
			files = (
				1920F9A11D18FC4A00DB661C /* CalculatorModel.swift in Sources */,
				191B63461D174A6E00ABF850 /* ViewController.swift in Sources */,
				191B63441D174A6E00ABF850 /* AppDelegate.swift in Sources */,
			);
			runOnlyForDeploymentPostprocessing = 0;
		};
/* End PBXSourcesBuildPhase section */

/* Begin PBXVariantGroup section */
		191B63471D174A6E00ABF850 /* Main.storyboard */ = {
			isa = PBXVariantGroup;
			children = (
				191B63481D174A6E00ABF850 /* Base */,
			);
			name = Main.storyboard;
			sourceTree = "<group>";
		};
		191B634C1D174A6E00ABF850 /* LaunchScreen.storyboard */ = {
			isa = PBXVariantGroup;
			children = (
				191B634D1D174A6E00ABF850 /* Base */,
			);
			name = LaunchScreen.storyboard;
			sourceTree = "<group>";
		};
/* End PBXVariantGroup section */

/* Begin XCBuildConfiguration section */
		191B63501D174A6E00ABF850 /* Debug */ = {
			isa = XCBuildConfiguration;
			buildSettings = {
				ALWAYS_SEARCH_USER_PATHS = NO;
				CLANG_ANALYZER_NONNULL = YES;
				CLANG_CXX_LANGUAGE_STANDARD = "gnu++0x";
				CLANG_CXX_LIBRARY = "libc++";
				CLANG_ENABLE_MODULES = YES;
				CLANG_ENABLE_OBJC_ARC = YES;
				CLANG_WARN_BOOL_CONVERSION = YES;
				CLANG_WARN_CONSTANT_CONVERSION = YES;
				CLANG_WARN_DIRECT_OBJC_ISA_USAGE = YES_ERROR;
				CLANG_WARN_EMPTY_BODY = YES;
				CLANG_WARN_ENUM_CONVERSION = YES;
				CLANG_WARN_INT_CONVERSION = YES;
				CLANG_WARN_OBJC_ROOT_CLASS = YES_ERROR;
				CLANG_WARN_UNREACHABLE_CODE = YES;
				CLANG_WARN__DUPLICATE_METHOD_MATCH = YES;
				"CODE_SIGN_IDENTITY[sdk=iphoneos*]" = "iPhone Developer";
				COPY_PHASE_STRIP = NO;
				DEBUG_INFORMATION_FORMAT = dwarf;
				ENABLE_STRICT_OBJC_MSGSEND = YES;
				ENABLE_TESTABILITY = YES;
				GCC_C_LANGUAGE_STANDARD = gnu99;
				GCC_DYNAMIC_NO_PIC = NO;
				GCC_NO_COMMON_BLOCKS = YES;
				GCC_OPTIMIZATION_LEVEL = 0;
				GCC_PREPROCESSOR_DEFINITIONS = (
					"DEBUG=1",
					"$(inherited)",
				);
				GCC_WARN_64_TO_32_BIT_CONVERSION = YES;
				GCC_WARN_ABOUT_RETURN_TYPE = YES_ERROR;
				GCC_WARN_UNDECLARED_SELECTOR = YES;
				GCC_WARN_UNINITIALIZED_AUTOS = YES_AGGRESSIVE;
				GCC_WARN_UNUSED_FUNCTION = YES;
				GCC_WARN_UNUSED_VARIABLE = YES;
				IPHONEOS_DEPLOYMENT_TARGET = 9.3;
				MTL_ENABLE_DEBUG_INFO = YES;
				ONLY_ACTIVE_ARCH = YES;
				SDKROOT = iphoneos;
				SWIFT_OPTIMIZATION_LEVEL = "-Onone";
				TARGETED_DEVICE_FAMILY = "1,2";
			};
			name = Debug;
		};
		191B63511D174A6E00ABF850 /* Release */ = {
			isa = XCBuildConfiguration;
			buildSettings = {
				ALWAYS_SEARCH_USER_PATHS = NO;
				CLANG_ANALYZER_NONNULL = YES;
				CLANG_CXX_LANGUAGE_STANDARD = "gnu++0x";
				CLANG_CXX_LIBRARY = "libc++";
				CLANG_ENABLE_MODULES = YES;
				CLANG_ENABLE_OBJC_ARC = YES;
				CLANG_WARN_BOOL_CONVERSION = YES;
				CLANG_WARN_CONSTANT_CONVERSION = YES;
				CLANG_WARN_DIRECT_OBJC_ISA_USAGE = YES_ERROR;
				CLANG_WARN_EMPTY_BODY = YES;
				CLANG_WARN_ENUM_CONVERSION = YES;
				CLANG_WARN_INT_CONVERSION = YES;
				CLANG_WARN_OBJC_ROOT_CLASS = YES_ERROR;
				CLANG_WARN_UNREACHABLE_CODE = YES;
				CLANG_WARN__DUPLICATE_METHOD_MATCH = YES;
				"CODE_SIGN_IDENTITY[sdk=iphoneos*]" = "iPhone Developer";
				COPY_PHASE_STRIP = NO;
				DEBUG_INFORMATION_FORMAT = "dwarf-with-dsym";
				ENABLE_NS_ASSERTIONS = NO;
				ENABLE_STRICT_OBJC_MSGSEND = YES;
				GCC_C_LANGUAGE_STANDARD = gnu99;
				GCC_NO_COMMON_BLOCKS = YES;
				GCC_WARN_64_TO_32_BIT_CONVERSION = YES;
				GCC_WARN_ABOUT_RETURN_TYPE = YES_ERROR;
				GCC_WARN_UNDECLARED_SELECTOR = YES;
				GCC_WARN_UNINITIALIZED_AUTOS = YES_AGGRESSIVE;
				GCC_WARN_UNUSED_FUNCTION = YES;
				GCC_WARN_UNUSED_VARIABLE = YES;
				IPHONEOS_DEPLOYMENT_TARGET = 9.3;
				MTL_ENABLE_DEBUG_INFO = NO;
				SDKROOT = iphoneos;
				TARGETED_DEVICE_FAMILY = "1,2";
				VALIDATE_PRODUCT = YES;
			};
			name = Release;
		};
		191B63531D174A6E00ABF850 /* Debug */ = {
			isa = XCBuildConfiguration;
			buildSettings = {
				ASSETCATALOG_COMPILER_APPICON_NAME = AppIcon;
				INFOPLIST_FILE = BMICalculator/Info.plist;
				LD_RUNPATH_SEARCH_PATHS = "$(inherited) @executable_path/Frameworks";
				PRODUCT_BUNDLE_IDENTIFIER = com.richard.ni.dxy159.BMICalculator;
				PRODUCT_NAME = "$(TARGET_NAME)";
			};
			name = Debug;
		};
		191B63541D174A6E00ABF850 /* Release */ = {
			isa = XCBuildConfiguration;
			buildSettings = {
				ASSETCATALOG_COMPILER_APPICON_NAME = AppIcon;
				INFOPLIST_FILE = BMICalculator/Info.plist;
				LD_RUNPATH_SEARCH_PATHS = "$(inherited) @executable_path/Frameworks";
				PRODUCT_BUNDLE_IDENTIFIER = com.richard.ni.dxy159.BMICalculator;
				PRODUCT_NAME = "$(TARGET_NAME)";
			};
			name = Release;
		};
/* End XCBuildConfiguration section */

/* Begin XCConfigurationList section */
		191B633B1D174A6E00ABF850 /* Build configuration list for PBXProject "BMICalculator" */ = {
			isa = XCConfigurationList;
			buildConfigurations = (
				191B63501D174A6E00ABF850 /* Debug */,
				191B63511D174A6E00ABF850 /* Release */,
			);
			defaultConfigurationIsVisible = 0;
			defaultConfigurationName = Release;
		};
		191B63521D174A6E00ABF850 /* Build configuration list for PBXNativeTarget "BMICalculator" */ = {
			isa = XCConfigurationList;
			buildConfigurations = (
				191B63531D174A6E00ABF850 /* Debug */,
				191B63541D174A6E00ABF850 /* Release */,
			);
			defaultConfigurationIsVisible = 0;
			defaultConfigurationName = Release;
		};
/* End XCConfigurationList section */
	};
	rootObject = 191B63381D174A6E00ABF850 /* Project object */;
}
